
Microsoft Visual Studio Solution File, Format Version 12.00
# Visual Studio Version 17
VisualStudioVersion = 17.2.32616.157
MinimumVisualStudioVersion = 10.0.40219.1
Project("{FAE04EC0-301F-11D3-BF4B-00C04F79EFBC}") = "PL", "PL\PL.csproj", "{1E247C6A-E034-4394-9832-564EF2B4B747}"
EndProject
Project("{FAE04EC0-301F-11D3-BF4B-00C04F79EFBC}") = "ML", "ML\ML.csproj", "{2C6A971D-D4D0-487F-BA26-F78428051816}"
EndProject
Global
	GlobalSection(SolutionConfigurationPlatforms) = preSolution
		Debug|Any CPU = Debug|Any CPU
		Release|Any CPU = Release|Any CPU
	EndGlobalSection
	GlobalSection(ProjectConfigurationPlatforms) = postSolution
		{1E247C6A-E034-4394-9832-564EF2B4B747}.Debug|Any CPU.ActiveCfg = Debug|Any CPU
		{1E247C6A-E034-4394-9832-564EF2B4B747}.Debug|Any CPU.Build.0 = Debug|Any CPU
		{1E247C6A-E034-4394-9832-564EF2B4B747}.Release|Any CPU.ActiveCfg = Release|Any CPU
		{1E247C6A-E034-4394-9832-564EF2B4B747}.Release|Any CPU.Build.0 = Release|Any CPU
		{2C6A971D-D4D0-487F-BA26-F78428051816}.Debug|Any CPU.ActiveCfg = Debug|Any CPU
		{2C6A971D-D4D0-487F-BA26-F78428051816}.Debug|Any CPU.Build.0 = Debug|Any CPU
		{2C6A971D-D4D0-487F-BA26-F78428051816}.Release|Any CPU.ActiveCfg = Release|Any CPU
		{2C6A971D-D4D0-487F-BA26-F78428051816}.Release|Any CPU.Build.0 = Release|Any CPU
	EndGlobalSection
	GlobalSection(SolutionProperties) = preSolution
		HideSolutionNode = FALSE
	EndGlobalSection
	GlobalSection(ExtensibilityGlobals) = postSolution
		SolutionGuid = {AE9A0B1D-1257-46F4-AA25-68C4106EFE72}
	EndGlobalSection
EndGlobal
